// !$*UTF8*$!
{
	archiveVersion = 1;
	classes = {
	};
	objectVersion = 50;
	objects = {

/* Begin PBXBuildFile section */
		44089C8A246F81AD0078BB8E /* MainNavigationContoller.swift in Sources */ = {isa = PBXBuildFile; fileRef = 44089C89246F81AD0078BB8E /* MainNavigationContoller.swift */; };
		44089C8C246F84490078BB8E /* NewGameViewController.swift in Sources */ = {isa = PBXBuildFile; fileRef = 44089C8B246F84490078BB8E /* NewGameViewController.swift */; };
		44089C8E246F84760078BB8E /* SettingsViewController.swift in Sources */ = {isa = PBXBuildFile; fileRef = 44089C8D246F84760078BB8E /* SettingsViewController.swift */; };
		4408F62D247146F100022524 /* HighScoresViewController.swift in Sources */ = {isa = PBXBuildFile; fileRef = 4408F62C247146F100022524 /* HighScoresViewController.swift */; };
		440A8BF424736F930021339C /* HighScoresTableViewCell.swift in Sources */ = {isa = PBXBuildFile; fileRef = 440A8BF324736F930021339C /* HighScoresTableViewCell.swift */; };
		440C3613246FBBE000D241A9 /* Bubble.swift in Sources */ = {isa = PBXBuildFile; fileRef = 440C3612246FBBE000D241A9 /* Bubble.swift */; };
		44296A312473A8AB009FF8DF /* HighScoresList.swift in Sources */ = {isa = PBXBuildFile; fileRef = 44296A302473A8AB009FF8DF /* HighScoresList.swift */; };
		442B8B8D2470BC0000C1E82A /* NewGame2ViewController.swift in Sources */ = {isa = PBXBuildFile; fileRef = 442B8B8C2470BC0000C1E82A /* NewGame2ViewController.swift */; };
		44F42AB9246DED100025F020 /* AppDelegate.swift in Sources */ = {isa = PBXBuildFile; fileRef = 44F42AB8246DED100025F020 /* AppDelegate.swift */; };
		44F42ABB246DED100025F020 /* SceneDelegate.swift in Sources */ = {isa = PBXBuildFile; fileRef = 44F42ABA246DED100025F020 /* SceneDelegate.swift */; };
		44F42ABD246DED100025F020 /* ViewController.swift in Sources */ = {isa = PBXBuildFile; fileRef = 44F42ABC246DED100025F020 /* ViewController.swift */; };
		44F42AC0246DED100025F020 /* Main.storyboard in Resources */ = {isa = PBXBuildFile; fileRef = 44F42ABE246DED100025F020 /* Main.storyboard */; };
		44F42AC2246DED110025F020 /* Assets.xcassets in Resources */ = {isa = PBXBuildFile; fileRef = 44F42AC1246DED110025F020 /* Assets.xcassets */; };
		44F42AC5246DED110025F020 /* LaunchScreen.storyboard in Resources */ = {isa = PBXBuildFile; fileRef = 44F42AC3246DED110025F020 /* LaunchScreen.storyboard */; };
		44F42AD0246DED110025F020 /* IOS_Assignment2Tests.swift in Sources */ = {isa = PBXBuildFile; fileRef = 44F42ACF246DED110025F020 /* IOS_Assignment2Tests.swift */; };
		44F42ADB246DED110025F020 /* IOS_Assignment2UITests.swift in Sources */ = {isa = PBXBuildFile; fileRef = 44F42ADA246DED110025F020 /* IOS_Assignment2UITests.swift */; };
/* End PBXBuildFile section */

/* Begin PBXContainerItemProxy section */
		44F42ACC246DED110025F020 /* PBXContainerItemProxy */ = {
			isa = PBXContainerItemProxy;
			containerPortal = 44F42AAD246DED100025F020 /* Project object */;
			proxyType = 1;
			remoteGlobalIDString = 44F42AB4246DED100025F020;
			remoteInfo = IOS_Assignment2;
		};
		44F42AD7246DED110025F020 /* PBXContainerItemProxy */ = {
			isa = PBXContainerItemProxy;
			containerPortal = 44F42AAD246DED100025F020 /* Project object */;
			proxyType = 1;
			remoteGlobalIDString = 44F42AB4246DED100025F020;
			remoteInfo = IOS_Assignment2;
		};
/* End PBXContainerItemProxy section */

/* Begin PBXFileReference section */
		44089C89246F81AD0078BB8E /* MainNavigationContoller.swift */ = {isa = PBXFileReference; lastKnownFileType = sourcecode.swift; path = MainNavigationContoller.swift; sourceTree = "<group>"; };
		44089C8B246F84490078BB8E /* NewGameViewController.swift */ = {isa = PBXFileReference; lastKnownFileType = sourcecode.swift; path = NewGameViewController.swift; sourceTree = "<group>"; };
		44089C8D246F84760078BB8E /* SettingsViewController.swift */ = {isa = PBXFileReference; lastKnownFileType = sourcecode.swift; path = SettingsViewController.swift; sourceTree = "<group>"; };
		4408F62C247146F100022524 /* HighScoresViewController.swift */ = {isa = PBXFileReference; lastKnownFileType = sourcecode.swift; path = HighScoresViewController.swift; sourceTree = "<group>"; };
		440A8BF324736F930021339C /* HighScoresTableViewCell.swift */ = {isa = PBXFileReference; lastKnownFileType = sourcecode.swift; path = HighScoresTableViewCell.swift; sourceTree = "<group>"; };
		440C3612246FBBE000D241A9 /* Bubble.swift */ = {isa = PBXFileReference; lastKnownFileType = sourcecode.swift; path = Bubble.swift; sourceTree = "<group>"; };
		44296A302473A8AB009FF8DF /* HighScoresList.swift */ = {isa = PBXFileReference; lastKnownFileType = sourcecode.swift; path = HighScoresList.swift; sourceTree = "<group>"; };
		442B8B8C2470BC0000C1E82A /* NewGame2ViewController.swift */ = {isa = PBXFileReference; lastKnownFileType = sourcecode.swift; path = NewGame2ViewController.swift; sourceTree = "<group>"; };
		44F42AB5246DED100025F020 /* IOS_Assignment2.app */ = {isa = PBXFileReference; explicitFileType = wrapper.application; includeInIndex = 0; path = IOS_Assignment2.app; sourceTree = BUILT_PRODUCTS_DIR; };
		44F42AB8246DED100025F020 /* AppDelegate.swift */ = {isa = PBXFileReference; lastKnownFileType = sourcecode.swift; path = AppDelegate.swift; sourceTree = "<group>"; };
		44F42ABA246DED100025F020 /* SceneDelegate.swift */ = {isa = PBXFileReference; lastKnownFileType = sourcecode.swift; path = SceneDelegate.swift; sourceTree = "<group>"; };
		44F42ABC246DED100025F020 /* ViewController.swift */ = {isa = PBXFileReference; lastKnownFileType = sourcecode.swift; path = ViewController.swift; sourceTree = "<group>"; };
		44F42ABF246DED100025F020 /* Base */ = {isa = PBXFileReference; lastKnownFileType = file.storyboard; name = Base; path = Base.lproj/Main.storyboard; sourceTree = "<group>"; };
		44F42AC1246DED110025F020 /* Assets.xcassets */ = {isa = PBXFileReference; lastKnownFileType = folder.assetcatalog; path = Assets.xcassets; sourceTree = "<group>"; };
		44F42AC4246DED110025F020 /* Base */ = {isa = PBXFileReference; lastKnownFileType = file.storyboard; name = Base; path = Base.lproj/LaunchScreen.storyboard; sourceTree = "<group>"; };
		44F42AC6246DED110025F020 /* Info.plist */ = {isa = PBXFileReference; lastKnownFileType = text.plist.xml; path = Info.plist; sourceTree = "<group>"; };
		44F42ACB246DED110025F020 /* IOS_Assignment2Tests.xctest */ = {isa = PBXFileReference; explicitFileType = wrapper.cfbundle; includeInIndex = 0; path = IOS_Assignment2Tests.xctest; sourceTree = BUILT_PRODUCTS_DIR; };
		44F42ACF246DED110025F020 /* IOS_Assignment2Tests.swift */ = {isa = PBXFileReference; lastKnownFileType = sourcecode.swift; path = IOS_Assignment2Tests.swift; sourceTree = "<group>"; };
		44F42AD1246DED110025F020 /* Info.plist */ = {isa = PBXFileReference; lastKnownFileType = text.plist.xml; path = Info.plist; sourceTree = "<group>"; };
		44F42AD6246DED110025F020 /* IOS_Assignment2UITests.xctest */ = {isa = PBXFileReference; explicitFileType = wrapper.cfbundle; includeInIndex = 0; path = IOS_Assignment2UITests.xctest; sourceTree = BUILT_PRODUCTS_DIR; };
		44F42ADA246DED110025F020 /* IOS_Assignment2UITests.swift */ = {isa = PBXFileReference; lastKnownFileType = sourcecode.swift; path = IOS_Assignment2UITests.swift; sourceTree = "<group>"; };
		44F42ADC246DED110025F020 /* Info.plist */ = {isa = PBXFileReference; lastKnownFileType = text.plist.xml; path = Info.plist; sourceTree = "<group>"; };
/* End PBXFileReference section */

/* Begin PBXFrameworksBuildPhase section */
		44F42AB2246DED100025F020 /* Frameworks */ = {
			isa = PBXFrameworksBuildPhase;
			buildActionMask = 2147483647;
			files = (
			);
			runOnlyForDeploymentPostprocessing = 0;
		};
		44F42AC8246DED110025F020 /* Frameworks */ = {
			isa = PBXFrameworksBuildPhase;
			buildActionMask = 2147483647;
			files = (
			);
			runOnlyForDeploymentPostprocessing = 0;
		};
		44F42AD3246DED110025F020 /* Frameworks */ = {
			isa = PBXFrameworksBuildPhase;
			buildActionMask = 2147483647;
			files = (
			);
			runOnlyForDeploymentPostprocessing = 0;
		};
/* End PBXFrameworksBuildPhase section */

/* Begin PBXGroup section */
		44F42AAC246DED100025F020 = {
			isa = PBXGroup;
			children = (
				44F42AB7246DED100025F020 /* IOS_Assignment2 */,
				44F42ACE246DED110025F020 /* IOS_Assignment2Tests */,
				44F42AD9246DED110025F020 /* IOS_Assignment2UITests */,
				44F42AB6246DED100025F020 /* Products */,
			);
			sourceTree = "<group>";
		};
		44F42AB6246DED100025F020 /* Products */ = {
			isa = PBXGroup;
			children = (
				44F42AB5246DED100025F020 /* IOS_Assignment2.app */,
				44F42ACB246DED110025F020 /* IOS_Assignment2Tests.xctest */,
				44F42AD6246DED110025F020 /* IOS_Assignment2UITests.xctest */,
			);
			name = Products;
			sourceTree = "<group>";
		};
		44F42AB7246DED100025F020 /* IOS_Assignment2 */ = {
			isa = PBXGroup;
			children = (
				44F42AB8246DED100025F020 /* AppDelegate.swift */,
				44F42ABA246DED100025F020 /* SceneDelegate.swift */,
				44F42ABC246DED100025F020 /* ViewController.swift */,
				44089C8B246F84490078BB8E /* NewGameViewController.swift */,
				442B8B8C2470BC0000C1E82A /* NewGame2ViewController.swift */,
				44089C8D246F84760078BB8E /* SettingsViewController.swift */,
				4408F62C247146F100022524 /* HighScoresViewController.swift */,
				44F42ABE246DED100025F020 /* Main.storyboard */,
				44F42AC1246DED110025F020 /* Assets.xcassets */,
				44F42AC3246DED110025F020 /* LaunchScreen.storyboard */,
				44F42AC6246DED110025F020 /* Info.plist */,
				44089C89246F81AD0078BB8E /* MainNavigationContoller.swift */,
				440C3612246FBBE000D241A9 /* Bubble.swift */,
				440A8BF324736F930021339C /* HighScoresTableViewCell.swift */,
				44296A302473A8AB009FF8DF /* HighScoresList.swift */,
			);
			path = IOS_Assignment2;
			sourceTree = "<group>";
		};
		44F42ACE246DED110025F020 /* IOS_Assignment2Tests */ = {
			isa = PBXGroup;
			children = (
				44F42ACF246DED110025F020 /* IOS_Assignment2Tests.swift */,
				44F42AD1246DED110025F020 /* Info.plist */,
			);
			path = IOS_Assignment2Tests;
			sourceTree = "<group>";
		};
		44F42AD9246DED110025F020 /* IOS_Assignment2UITests */ = {
			isa = PBXGroup;
			children = (
				44F42ADA246DED110025F020 /* IOS_Assignment2UITests.swift */,
				44F42ADC246DED110025F020 /* Info.plist */,
			);
			path = IOS_Assignment2UITests;
			sourceTree = "<group>";
		};
/* End PBXGroup section */

/* Begin PBXNativeTarget section */
		44F42AB4246DED100025F020 /* IOS_Assignment2 */ = {
			isa = PBXNativeTarget;
			buildConfigurationList = 44F42ADF246DED110025F020 /* Build configuration list for PBXNativeTarget "IOS_Assignment2" */;
			buildPhases = (
				44F42AB1246DED100025F020 /* Sources */,
				44F42AB2246DED100025F020 /* Frameworks */,
				44F42AB3246DED100025F020 /* Resources */,
			);
			buildRules = (
			);
			dependencies = (
			);
			name = IOS_Assignment2;
			productName = IOS_Assignment2;
			productReference = 44F42AB5246DED100025F020 /* IOS_Assignment2.app */;
			productType = "com.apple.product-type.application";
		};
		44F42ACA246DED110025F020 /* IOS_Assignment2Tests */ = {
			isa = PBXNativeTarget;
			buildConfigurationList = 44F42AE2246DED110025F020 /* Build configuration list for PBXNativeTarget "IOS_Assignment2Tests" */;
			buildPhases = (
				44F42AC7246DED110025F020 /* Sources */,
				44F42AC8246DED110025F020 /* Frameworks */,
				44F42AC9246DED110025F020 /* Resources */,
			);
			buildRules = (
			);
			dependencies = (
				44F42ACD246DED110025F020 /* PBXTargetDependency */,
			);
			name = IOS_Assignment2Tests;
			productName = IOS_Assignment2Tests;
			productReference = 44F42ACB246DED110025F020 /* IOS_Assignment2Tests.xctest */;
			productType = "com.apple.product-type.bundle.unit-test";
		};
		44F42AD5246DED110025F020 /* IOS_Assignment2UITests */ = {
			isa = PBXNativeTarget;
			buildConfigurationList = 44F42AE5246DED110025F020 /* Build configuration list for PBXNativeTarget "IOS_Assignment2UITests" */;
			buildPhases = (
				44F42AD2246DED110025F020 /* Sources */,
				44F42AD3246DED110025F020 /* Frameworks */,
				44F42AD4246DED110025F020 /* Resources */,
			);
			buildRules = (
			);
			dependencies = (
				44F42AD8246DED110025F020 /* PBXTargetDependency */,
			);
			name = IOS_Assignment2UITests;
			productName = IOS_Assignment2UITests;
			productReference = 44F42AD6246DED110025F020 /* IOS_Assignment2UITests.xctest */;
			productType = "com.apple.product-type.bundle.ui-testing";
		};
/* End PBXNativeTarget section */

/* Begin PBXProject section */
		44F42AAD246DED100025F020 /* Project object */ = {
			isa = PBXProject;
			attributes = {
				LastSwiftUpdateCheck = 1130;
				LastUpgradeCheck = 1130;
				ORGANIZATIONNAME = "Mark Anthony Natividad";
				TargetAttributes = {
					44F42AB4246DED100025F020 = {
						CreatedOnToolsVersion = 11.3;
						LastSwiftMigration = 1130;
					};
					44F42ACA246DED110025F020 = {
						CreatedOnToolsVersion = 11.3;
						TestTargetID = 44F42AB4246DED100025F020;
					};
					44F42AD5246DED110025F020 = {
						CreatedOnToolsVersion = 11.3;
						TestTargetID = 44F42AB4246DED100025F020;
					};
				};
			};
			buildConfigurationList = 44F42AB0246DED100025F020 /* Build configuration list for PBXProject "IOS_Assignment2" */;
			compatibilityVersion = "Xcode 9.3";
			developmentRegion = en;
			hasScannedForEncodings = 0;
			knownRegions = (
				en,
				Base,
			);
			mainGroup = 44F42AAC246DED100025F020;
			productRefGroup = 44F42AB6246DED100025F020 /* Products */;
			projectDirPath = "";
			projectRoot = "";
			targets = (
				44F42AB4246DED100025F020 /* IOS_Assignment2 */,
				44F42ACA246DED110025F020 /* IOS_Assignment2Tests */,
				44F42AD5246DED110025F020 /* IOS_Assignment2UITests */,
			);
		};
/* End PBXProject section */

/* Begin PBXResourcesBuildPhase section */
		44F42AB3246DED100025F020 /* Resources */ = {
			isa = PBXResourcesBuildPhase;
			buildActionMask = 2147483647;
			files = (
				44F42AC5246DED110025F020 /* LaunchScreen.storyboard in Resources */,
				44F42AC2246DED110025F020 /* Assets.xcassets in Resources */,
				44F42AC0246DED100025F020 /* Main.storyboard in Resources */,
			);
			runOnlyForDeploymentPostprocessing = 0;
		};
		44F42AC9246DED110025F020 /* Resources */ = {
			isa = PBXResourcesBuildPhase;
			buildActionMask = 2147483647;
			files = (
			);
			runOnlyForDeploymentPostprocessing = 0;
		};
		44F42AD4246DED110025F020 /* Resources */ = {
			isa = PBXResourcesBuildPhase;
			buildActionMask = 2147483647;
			files = (
			);
			runOnlyForDeploymentPostprocessing = 0;
		};
/* End PBXResourcesBuildPhase section */

/* Begin PBXSourcesBuildPhase section */
		44F42AB1246DED100025F020 /* Sources */ = {
			isa = PBXSourcesBuildPhase;
			buildActionMask = 2147483647;
			files = (
				4408F62D247146F100022524 /* HighScoresViewController.swift in Sources */,
				44296A312473A8AB009FF8DF /* HighScoresList.swift in Sources */,
				44F42ABD246DED100025F020 /* ViewController.swift in Sources */,
				44F42AB9246DED100025F020 /* AppDelegate.swift in Sources */,
				442B8B8D2470BC0000C1E82A /* NewGame2ViewController.swift in Sources */,
				440C3613246FBBE000D241A9 /* Bubble.swift in Sources */,
				44089C8C246F84490078BB8E /* NewGameViewController.swift in Sources */,
				44F42ABB246DED100025F020 /* SceneDelegate.swift in Sources */,
				44089C8A246F81AD0078BB8E /* MainNavigationContoller.swift in Sources */,
				440A8BF424736F930021339C /* HighScoresTableViewCell.swift in Sources */,
				44089C8E246F84760078BB8E /* SettingsViewController.swift in Sources */,
			);
			runOnlyForDeploymentPostprocessing = 0;
		};
		44F42AC7246DED110025F020 /* Sources */ = {
			isa = PBXSourcesBuildPhase;
			buildActionMask = 2147483647;
			files = (
				44F42AD0246DED110025F020 /* IOS_Assignment2Tests.swift in Sources */,
			);
			runOnlyForDeploymentPostprocessing = 0;
		};
		44F42AD2246DED110025F020 /* Sources */ = {
			isa = PBXSourcesBuildPhase;
			buildActionMask = 2147483647;
			files = (
				44F42ADB246DED110025F020 /* IOS_Assignment2UITests.swift in Sources */,
			);
			runOnlyForDeploymentPostprocessing = 0;
		};
/* End PBXSourcesBuildPhase section */

/* Begin PBXTargetDependency section */
		44F42ACD246DED110025F020 /* PBXTargetDependency */ = {
			isa = PBXTargetDependency;
			target = 44F42AB4246DED100025F020 /* IOS_Assignment2 */;
			targetProxy = 44F42ACC246DED110025F020 /* PBXContainerItemProxy */;
		};
		44F42AD8246DED110025F020 /* PBXTargetDependency */ = {
			isa = PBXTargetDependency;
			target = 44F42AB4246DED100025F020 /* IOS_Assignment2 */;
			targetProxy = 44F42AD7246DED110025F020 /* PBXContainerItemProxy */;
		};
/* End PBXTargetDependency section */

/* Begin PBXVariantGroup section */
		44F42ABE246DED100025F020 /* Main.storyboard */ = {
			isa = PBXVariantGroup;
			children = (
				44F42ABF246DED100025F020 /* Base */,
			);
			name = Main.storyboard;
			sourceTree = "<group>";
		};
		44F42AC3246DED110025F020 /* LaunchScreen.storyboard */ = {
			isa = PBXVariantGroup;
			children = (
				44F42AC4246DED110025F020 /* Base */,
			);
			name = LaunchScreen.storyboard;
			sourceTree = "<group>";
		};
/* End PBXVariantGroup section */

/* Begin XCBuildConfiguration section */
		44F42ADD246DED110025F020 /* Debug */ = {
			isa = XCBuildConfiguration;
			buildSettings = {
				ALWAYS_SEARCH_USER_PATHS = NO;
				CLANG_ANALYZER_NONNULL = YES;
				CLANG_ANALYZER_NUMBER_OBJECT_CONVERSION = YES_AGGRESSIVE;
				CLANG_CXX_LANGUAGE_STANDARD = "gnu++14";
				CLANG_CXX_LIBRARY = "libc++";
				CLANG_ENABLE_MODULES = YES;
				CLANG_ENABLE_OBJC_ARC = YES;
				CLANG_ENABLE_OBJC_WEAK = YES;
				CLANG_WARN_BLOCK_CAPTURE_AUTORELEASING = YES;
				CLANG_WARN_BOOL_CONVERSION = YES;
				CLANG_WARN_COMMA = YES;
				CLANG_WARN_CONSTANT_CONVERSION = YES;
				CLANG_WARN_DEPRECATED_OBJC_IMPLEMENTATIONS = YES;
				CLANG_WARN_DIRECT_OBJC_ISA_USAGE = YES_ERROR;
				CLANG_WARN_DOCUMENTATION_COMMENTS = YES;
				CLANG_WARN_EMPTY_BODY = YES;
				CLANG_WARN_ENUM_CONVERSION = YES;
				CLANG_WARN_INFINITE_RECURSION = YES;
				CLANG_WARN_INT_CONVERSION = YES;
				CLANG_WARN_NON_LITERAL_NULL_CONVERSION = YES;
				CLANG_WARN_OBJC_IMPLICIT_RETAIN_SELF = YES;
				CLANG_WARN_OBJC_LITERAL_CONVERSION = YES;
				CLANG_WARN_OBJC_ROOT_CLASS = YES_ERROR;
				CLANG_WARN_RANGE_LOOP_ANALYSIS = YES;
				CLANG_WARN_STRICT_PROTOTYPES = YES;
				CLANG_WARN_SUSPICIOUS_MOVE = YES;
				CLANG_WARN_UNGUARDED_AVAILABILITY = YES_AGGRESSIVE;
				CLANG_WARN_UNREACHABLE_CODE = YES;
				CLANG_WARN__DUPLICATE_METHOD_MATCH = YES;
				COPY_PHASE_STRIP = NO;
				DEBUG_INFORMATION_FORMAT = dwarf;
				ENABLE_STRICT_OBJC_MSGSEND = YES;
				ENABLE_TESTABILITY = YES;
				GCC_C_LANGUAGE_STANDARD = gnu11;
				GCC_DYNAMIC_NO_PIC = NO;
				GCC_NO_COMMON_BLOCKS = YES;
				GCC_OPTIMIZATION_LEVEL = 0;
				GCC_PREPROCESSOR_DEFINITIONS = (
					"DEBUG=1",
					"$(inherited)",
				);
				GCC_WARN_64_TO_32_BIT_CONVERSION = YES;
				GCC_WARN_ABOUT_RETURN_TYPE = YES_ERROR;
				GCC_WARN_UNDECLARED_SELECTOR = YES;
				GCC_WARN_UNINITIALIZED_AUTOS = YES_AGGRESSIVE;
				GCC_WARN_UNUSED_FUNCTION = YES;
				GCC_WARN_UNUSED_VARIABLE = YES;
				IPHONEOS_DEPLOYMENT_TARGET = 13.2;
				MTL_ENABLE_DEBUG_INFO = INCLUDE_SOURCE;
				MTL_FAST_MATH = YES;
				ONLY_ACTIVE_ARCH = YES;
				SDKROOT = iphoneos;
				SWIFT_ACTIVE_COMPILATION_CONDITIONS = DEBUG;
				SWIFT_OPTIMIZATION_LEVEL = "-Onone";
			};
			name = Debug;
		};
		44F42ADE246DED110025F020 /* Release */ = {
			isa = XCBuildConfiguration;
			buildSettings = {
				ALWAYS_SEARCH_USER_PATHS = NO;
				CLANG_ANALYZER_NONNULL = YES;
				CLANG_ANALYZER_NUMBER_OBJECT_CONVERSION = YES_AGGRESSIVE;
				CLANG_CXX_LANGUAGE_STANDARD = "gnu++14";
				CLANG_CXX_LIBRARY = "libc++";
				CLANG_ENABLE_MODULES = YES;
				CLANG_ENABLE_OBJC_ARC = YES;
				CLANG_ENABLE_OBJC_WEAK = YES;
				CLANG_WARN_BLOCK_CAPTURE_AUTORELEASING = YES;
				CLANG_WARN_BOOL_CONVERSION = YES;
				CLANG_WARN_COMMA = YES;
				CLANG_WARN_CONSTANT_CONVERSION = YES;
				CLANG_WARN_DEPRECATED_OBJC_IMPLEMENTATIONS = YES;
				CLANG_WARN_DIRECT_OBJC_ISA_USAGE = YES_ERROR;
				CLANG_WARN_DOCUMENTATION_COMMENTS = YES;
				CLANG_WARN_EMPTY_BODY = YES;
				CLANG_WARN_ENUM_CONVERSION = YES;
				CLANG_WARN_INFINITE_RECURSION = YES;
				CLANG_WARN_INT_CONVERSION = YES;
				CLANG_WARN_NON_LITERAL_NULL_CONVERSION = YES;
				CLANG_WARN_OBJC_IMPLICIT_RETAIN_SELF = YES;
				CLANG_WARN_OBJC_LITERAL_CONVERSION = YES;
				CLANG_WARN_OBJC_ROOT_CLASS = YES_ERROR;
				CLANG_WARN_RANGE_LOOP_ANALYSIS = YES;
				CLANG_WARN_STRICT_PROTOTYPES = YES;
				CLANG_WARN_SUSPICIOUS_MOVE = YES;
				CLANG_WARN_UNGUARDED_AVAILABILITY = YES_AGGRESSIVE;
				CLANG_WARN_UNREACHABLE_CODE = YES;
				CLANG_WARN__DUPLICATE_METHOD_MATCH = YES;
				COPY_PHASE_STRIP = NO;
				DEBUG_INFORMATION_FORMAT = "dwarf-with-dsym";
				ENABLE_NS_ASSERTIONS = NO;
				ENABLE_STRICT_OBJC_MSGSEND = YES;
				GCC_C_LANGUAGE_STANDARD = gnu11;
				GCC_NO_COMMON_BLOCKS = YES;
				GCC_WARN_64_TO_32_BIT_CONVERSION = YES;
				GCC_WARN_ABOUT_RETURN_TYPE = YES_ERROR;
				GCC_WARN_UNDECLARED_SELECTOR = YES;
				GCC_WARN_UNINITIALIZED_AUTOS = YES_AGGRESSIVE;
				GCC_WARN_UNUSED_FUNCTION = YES;
				GCC_WARN_UNUSED_VARIABLE = YES;
				IPHONEOS_DEPLOYMENT_TARGET = 13.2;
				MTL_ENABLE_DEBUG_INFO = NO;
				MTL_FAST_MATH = YES;
				SDKROOT = iphoneos;
				SWIFT_COMPILATION_MODE = wholemodule;
				SWIFT_OPTIMIZATION_LEVEL = "-O";
				VALIDATE_PRODUCT = YES;
			};
			name = Release;
		};
		44F42AE0246DED110025F020 /* Debug */ = {
			isa = XCBuildConfiguration;
			buildSettings = {
				ASSETCATALOG_COMPILER_APPICON_NAME = AppIcon;
				CODE_SIGN_STYLE = Automatic;
				DEVELOPMENT_TEAM = CLLXKS43M3;
				INFOPLIST_FILE = IOS_Assignment2/Info.plist;
				LD_RUNPATH_SEARCH_PATHS = (
					"$(inherited)",
					"@executable_path/Frameworks",
				);
				PRODUCT_BUNDLE_IDENTIFIER = "-3343203.IOS-Assignment2";
				PRODUCT_NAME = "$(TARGET_NAME)";
				SWIFT_VERSION = 5.0;
				TARGETED_DEVICE_FAMILY = "1,2";
			};
			name = Debug;
		};
		44F42AE1246DED110025F020 /* Release */ = {
			isa = XCBuildConfiguration;
			buildSettings = {
				ASSETCATALOG_COMPILER_APPICON_NAME = AppIcon;
				CODE_SIGN_STYLE = Automatic;
				DEVELOPMENT_TEAM = CLLXKS43M3;
				INFOPLIST_FILE = IOS_Assignment2/Info.plist;
				LD_RUNPATH_SEARCH_PATHS = (
					"$(inherited)",
					"@executable_path/Frameworks",
				);
				PRODUCT_BUNDLE_IDENTIFIER = "-3343203.IOS-Assignment2";
				PRODUCT_NAME = "$(TARGET_NAME)";
				SWIFT_VERSION = 5.0;
				TARGETED_DEVICE_FAMILY = "1,2";
			};
			name = Release;
		};
		44F42AE3246DED110025F020 /* Debug */ = {
			isa = XCBuildConfiguration;
			buildSettings = {
				ALWAYS_EMBED_SWIFT_STANDARD_LIBRARIES = YES;
				BUNDLE_LOADER = "$(TEST_HOST)";
				CODE_SIGN_STYLE = Automatic;
				DEVELOPMENT_TEAM = CLLXKS43M3;
				INFOPLIST_FILE = IOS_Assignment2Tests/Info.plist;
				IPHONEOS_DEPLOYMENT_TARGET = 13.2;
				LD_RUNPATH_SEARCH_PATHS = (
					"$(inherited)",
					"@executable_path/Frameworks",
					"@loader_path/Frameworks",
				);
				PRODUCT_BUNDLE_IDENTIFIER = "-3343203.IOS-Assignment2Tests";
				PRODUCT_NAME = "$(TARGET_NAME)";
				SWIFT_VERSION = 5.0;
				TARGETED_DEVICE_FAMILY = "1,2";
				TEST_HOST = "$(BUILT_PRODUCTS_DIR)/IOS_Assignment2.app/IOS_Assignment2";
			};
			name = Debug;
		};
		44F42AE4246DED110025F020 /* Release */ = {
			isa = XCBuildConfiguration;
			buildSettings = {
				ALWAYS_EMBED_SWIFT_STANDARD_LIBRARIES = YES;
				BUNDLE_LOADER = "$(TEST_HOST)";
				CODE_SIGN_STYLE = Automatic;
				DEVELOPMENT_TEAM = CLLXKS43M3;
				INFOPLIST_FILE = IOS_Assignment2Tests/Info.plist;
				IPHONEOS_DEPLOYMENT_TARGET = 13.2;
				LD_RUNPATH_SEARCH_PATHS = (
					"$(inherited)",
					"@executable_path/Frameworks",
					"@loader_path/Frameworks",
				);
				PRODUCT_BUNDLE_IDENTIFIER = "-3343203.IOS-Assignment2Tests";
				PRODUCT_NAME = "$(TARGET_NAME)";
				SWIFT_VERSION = 5.0;
				TARGETED_DEVICE_FAMILY = "1,2";
				TEST_HOST = "$(BUILT_PRODUCTS_DIR)/IOS_Assignment2.app/IOS_Assignment2";
			};
			name = Release;
		};
		44F42AE6246DED110025F020 /* Debug */ = {
			isa = XCBuildConfiguration;
			buildSettings = {
				ALWAYS_EMBED_SWIFT_STANDARD_LIBRARIES = YES;
				CODE_SIGN_STYLE = Automatic;
				DEVELOPMENT_TEAM = CLLXKS43M3;
				INFOPLIST_FILE = IOS_Assignment2UITests/Info.plist;
				LD_RUNPATH_SEARCH_PATHS = (
					"$(inherited)",
					"@executable_path/Frameworks",
					"@loader_path/Frameworks",
				);
				PRODUCT_BUNDLE_IDENTIFIER = "-3343203.IOS-Assignment2UITests";
				PRODUCT_NAME = "$(TARGET_NAME)";
				SWIFT_VERSION = 5.0;
				TARGETED_DEVICE_FAMILY = "1,2";
				TEST_TARGET_NAME = IOS_Assignment2;
			};
			name = Debug;
		};
		44F42AE7246DED110025F020 /* Release */ = {
			isa = XCBuildConfiguration;
			buildSettings = {
				ALWAYS_EMBED_SWIFT_STANDARD_LIBRARIES = YES;
				CODE_SIGN_STYLE = Automatic;
				DEVELOPMENT_TEAM = CLLXKS43M3;
				INFOPLIST_FILE = IOS_Assignment2UITests/Info.plist;
				LD_RUNPATH_SEARCH_PATHS = (
					"$(inherited)",
					"@executable_path/Frameworks",
					"@loader_path/Frameworks",
				);
				PRODUCT_BUNDLE_IDENTIFIER = "-3343203.IOS-Assignment2UITests";
				PRODUCT_NAME = "$(TARGET_NAME)";
				SWIFT_VERSION = 5.0;
				TARGETED_DEVICE_FAMILY = "1,2";
				TEST_TARGET_NAME = IOS_Assignment2;
			};
			name = Release;
		};
/* End XCBuildConfiguration section */

/* Begin XCConfigurationList section */
		44F42AB0246DED100025F020 /* Build configuration list for PBXProject "IOS_Assignment2" */ = {
			isa = XCConfigurationList;
			buildConfigurations = (
				44F42ADD246DED110025F020 /* Debug */,
				44F42ADE246DED110025F020 /* Release */,
			);
			defaultConfigurationIsVisible = 0;
			defaultConfigurationName = Release;
		};
		44F42ADF246DED110025F020 /* Build configuration list for PBXNativeTarget "IOS_Assignment2" */ = {
			isa = XCConfigurationList;
			buildConfigurations = (
				44F42AE0246DED110025F020 /* Debug */,
				44F42AE1246DED110025F020 /* Release */,
			);
			defaultConfigurationIsVisible = 0;
			defaultConfigurationName = Release;
		};
		44F42AE2246DED110025F020 /* Build configuration list for PBXNativeTarget "IOS_Assignment2Tests" */ = {
			isa = XCConfigurationList;
			buildConfigurations = (
				44F42AE3246DED110025F020 /* Debug */,
				44F42AE4246DED110025F020 /* Release */,
			);
			defaultConfigurationIsVisible = 0;
			defaultConfigurationName = Release;
		};
		44F42AE5246DED110025F020 /* Build configuration list for PBXNativeTarget "IOS_Assignment2UITests" */ = {
			isa = XCConfigurationList;
			buildConfigurations = (
				44F42AE6246DED110025F020 /* Debug */,
				44F42AE7246DED110025F020 /* Release */,
			);
			defaultConfigurationIsVisible = 0;
			defaultConfigurationName = Release;
		};
/* End XCConfigurationList section */
	};
	rootObject = 44F42AAD246DED100025F020 /* Project object */;
}
